
Microsoft Visual Studio Solution File, Format Version 12.00
Project("{FAE04EC0-301F-11D3-BF4B-00C04F79EFBC}") = "DiscordScreenshareLoopbackShutup", "DiscordScreenshareLoopbackShutup\DiscordScreenshareLoopbackShutup.csproj", "{CE748A7F-2338-4F62-AA04-E1E0C893348B}"
EndProject
Global
	GlobalSection(SolutionConfigurationPlatforms) = preSolution
		Debug|Any CPU = Debug|Any CPU
		Release|Any CPU = Release|Any CPU
	EndGlobalSection
	GlobalSection(ProjectConfigurationPlatforms) = postSolution
		{CE748A7F-2338-4F62-AA04-E1E0C893348B}.Debug|Any CPU.ActiveCfg = Debug|Any CPU
		{CE748A7F-2338-4F62-AA04-E1E0C893348B}.Debug|Any CPU.Build.0 = Debug|Any CPU
		{CE748A7F-2338-4F62-AA04-E1E0C893348B}.Release|Any CPU.ActiveCfg = Release|Any CPU
		{CE748A7F-2338-4F62-AA04-E1E0C893348B}.Release|Any CPU.Build.0 = Release|Any CPU
	EndGlobalSection
EndGlobal
